
Microsoft Visual Studio Solution File, Format Version 12.00
# Visual Studio Version 17
VisualStudioVersion = 17.2.32616.157
MinimumVisualStudioVersion = 10.0.40219.1
Project("{8BC9CEB8-8B4A-11D0-8D11-00A0C91BC942}") = "PG3-3-3", "PG3-3-3\PG3-3-3.vcxproj", "{CF1E6EFF-B014-4DC2-A3A3-46E7D44F4191}"
EndProject
Global
	GlobalSection(SolutionConfigurationPlatforms) = preSolution
		Debug|x64 = Debug|x64
		Debug|x86 = Debug|x86
		Release|x64 = Release|x64
		Release|x86 = Release|x86
	EndGlobalSection
	GlobalSection(ProjectConfigurationPlatforms) = postSolution
		{CF1E6EFF-B014-4DC2-A3A3-46E7D44F4191}.Debug|x64.ActiveCfg = Debug|x64
		{CF1E6EFF-B014-4DC2-A3A3-46E7D44F4191}.Debug|x64.Build.0 = Debug|x64
		{CF1E6EFF-B014-4DC2-A3A3-46E7D44F4191}.Debug|x86.ActiveCfg = Debug|Win32
		{CF1E6EFF-B014-4DC2-A3A3-46E7D44F4191}.Debug|x86.Build.0 = Debug|Win32
		{CF1E6EFF-B014-4DC2-A3A3-46E7D44F4191}.Release|x64.ActiveCfg = Release|x64
		{CF1E6EFF-B014-4DC2-A3A3-46E7D44F4191}.Release|x64.Build.0 = Release|x64
		{CF1E6EFF-B014-4DC2-A3A3-46E7D44F4191}.Release|x86.ActiveCfg = Release|Win32
		{CF1E6EFF-B014-4DC2-A3A3-46E7D44F4191}.Release|x86.Build.0 = Release|Win32
	EndGlobalSection
	GlobalSection(SolutionProperties) = preSolution
		HideSolutionNode = FALSE
	EndGlobalSection
	GlobalSection(ExtensibilityGlobals) = postSolution
		SolutionGuid = {6BB08AD1-AF9A-42EC-AE37-6B272B1D2BF2}
	EndGlobalSection
EndGlobal
